
Microsoft Visual Studio Solution File, Format Version 12.00
# Visual Studio 15
Project("{FAE04EC0-301F-11D3-BF4B-00C04F79EFBC}") = "StarkovInteractiveCV.Android", "StarkovInteractiveCV.Android\StarkovInteractiveCV.Android.csproj", "{C9E4E2AB-DCA2-4D91-B81C-A85EA0CF8041}"
EndProject
Project("{FAE04EC0-301F-11D3-BF4B-00C04F79EFBC}") = "StarkovInteractiveCV", "StarkovInteractiveCV\StarkovInteractiveCV.csproj", "{A4A8BE4E-B92B-49C6-8FD6-15F54B496552}"
EndProject
Global
	GlobalSection(SolutionConfigurationPlatforms) = preSolution
		Debug|Any CPU = Debug|Any CPU
		Release|Any CPU = Release|Any CPU
		Debug|iPhoneSimulator = Debug|iPhoneSimulator
		Release|iPhoneSimulator = Release|iPhoneSimulator
		Debug|iPhone = Debug|iPhone
		Release|iPhone = Release|iPhone
	EndGlobalSection
	GlobalSection(ProjectConfigurationPlatforms) = postSolution
		{C9E4E2AB-DCA2-4D91-B81C-A85EA0CF8041}.Debug|Any CPU.ActiveCfg = Debug|Any CPU
		{C9E4E2AB-DCA2-4D91-B81C-A85EA0CF8041}.Debug|Any CPU.Build.0 = Debug|Any CPU
		{C9E4E2AB-DCA2-4D91-B81C-A85EA0CF8041}.Release|Any CPU.ActiveCfg = Release|Any CPU
		{C9E4E2AB-DCA2-4D91-B81C-A85EA0CF8041}.Release|Any CPU.Build.0 = Release|Any CPU
		{C9E4E2AB-DCA2-4D91-B81C-A85EA0CF8041}.Debug|iPhoneSimulator.ActiveCfg = Debug|Any CPU
		{C9E4E2AB-DCA2-4D91-B81C-A85EA0CF8041}.Debug|iPhoneSimulator.Build.0 = Debug|Any CPU
		{C9E4E2AB-DCA2-4D91-B81C-A85EA0CF8041}.Release|iPhoneSimulator.ActiveCfg = Release|Any CPU
		{C9E4E2AB-DCA2-4D91-B81C-A85EA0CF8041}.Release|iPhoneSimulator.Build.0 = Release|Any CPU
		{C9E4E2AB-DCA2-4D91-B81C-A85EA0CF8041}.Debug|iPhone.ActiveCfg = Debug|Any CPU
		{C9E4E2AB-DCA2-4D91-B81C-A85EA0CF8041}.Debug|iPhone.Build.0 = Debug|Any CPU
		{C9E4E2AB-DCA2-4D91-B81C-A85EA0CF8041}.Release|iPhone.ActiveCfg = Release|Any CPU
		{C9E4E2AB-DCA2-4D91-B81C-A85EA0CF8041}.Release|iPhone.Build.0 = Release|Any CPU
		{A4A8BE4E-B92B-49C6-8FD6-15F54B496552}.Debug|Any CPU.ActiveCfg = Debug|Any CPU
		{A4A8BE4E-B92B-49C6-8FD6-15F54B496552}.Debug|Any CPU.Build.0 = Debug|Any CPU
		{A4A8BE4E-B92B-49C6-8FD6-15F54B496552}.Release|Any CPU.ActiveCfg = Release|Any CPU
		{A4A8BE4E-B92B-49C6-8FD6-15F54B496552}.Release|Any CPU.Build.0 = Release|Any CPU
		{A4A8BE4E-B92B-49C6-8FD6-15F54B496552}.Debug|iPhoneSimulator.ActiveCfg = Debug|Any CPU
		{A4A8BE4E-B92B-49C6-8FD6-15F54B496552}.Debug|iPhoneSimulator.Build.0 = Debug|Any CPU
		{A4A8BE4E-B92B-49C6-8FD6-15F54B496552}.Release|iPhoneSimulator.ActiveCfg = Release|Any CPU
		{A4A8BE4E-B92B-49C6-8FD6-15F54B496552}.Release|iPhoneSimulator.Build.0 = Release|Any CPU
		{A4A8BE4E-B92B-49C6-8FD6-15F54B496552}.Debug|iPhone.ActiveCfg = Debug|Any CPU
		{A4A8BE4E-B92B-49C6-8FD6-15F54B496552}.Debug|iPhone.Build.0 = Debug|Any CPU
		{A4A8BE4E-B92B-49C6-8FD6-15F54B496552}.Release|iPhone.ActiveCfg = Release|Any CPU
		{A4A8BE4E-B92B-49C6-8FD6-15F54B496552}.Release|iPhone.Build.0 = Release|Any CPU
	EndGlobalSection
EndGlobal
